
Microsoft Visual Studio Solution File, Format Version 12.00
# Visual Studio Version 16
VisualStudioVersion = 16.0.30621.155
MinimumVisualStudioVersion = 10.0.40219.1
Project("{FAE04EC0-301F-11D3-BF4B-00C04F79EFBC}") = "ForEach", "ForEach\ForEach.csproj", "{E8EAB2A1-95B8-43CB-B50B-1A1ACBAE45BE}"
EndProject
Global
	GlobalSection(SolutionConfigurationPlatforms) = preSolution
		Debug|Any CPU = Debug|Any CPU
		Release|Any CPU = Release|Any CPU
	EndGlobalSection
	GlobalSection(ProjectConfigurationPlatforms) = postSolution
		{E8EAB2A1-95B8-43CB-B50B-1A1ACBAE45BE}.Debug|Any CPU.ActiveCfg = Debug|Any CPU
		{E8EAB2A1-95B8-43CB-B50B-1A1ACBAE45BE}.Debug|Any CPU.Build.0 = Debug|Any CPU
		{E8EAB2A1-95B8-43CB-B50B-1A1ACBAE45BE}.Release|Any CPU.ActiveCfg = Release|Any CPU
		{E8EAB2A1-95B8-43CB-B50B-1A1ACBAE45BE}.Release|Any CPU.Build.0 = Release|Any CPU
	EndGlobalSection
	GlobalSection(SolutionProperties) = preSolution
		HideSolutionNode = FALSE
	EndGlobalSection
	GlobalSection(ExtensibilityGlobals) = postSolution
		SolutionGuid = {94D98692-743E-44FB-A088-9C01BE9D2200}
	EndGlobalSection
EndGlobal
